github.com/ppmasa8/helloworld v0.0.0-20210908144405-90cb856493ef h1:Boo60sEOc47Px/PsGkD3FLEI5SGlHLmOy+Hw7NJk980=
github.com/ppmasa8/helloworld v0.0.0-20210908144405-90cb856493ef/go.mod h1:+tBz7ciU6tTg8Ph9atKLjsj46SQJZdAEVJt0zizxqnA=
github.com/ppmasa8/helloworld-go v0.0.0-20210908143724-4ced21142615 h1:WpLq52FdQ9+EQGbDhJ6YgxvVOM22l311V0HN99d+zG0=
github.com/ppmasa8/helloworld-go v0.0.0-20210908143724-4ced21142615/go.mod h1:kVX1l9D7p4tgl3j90A4welq+iToBY/1ESfrjKTwjpK8=
